
Microsoft Visual Studio Solution File, Format Version 12.00
# Visual Studio Version 17
VisualStudioVersion = 17.9.34723.18
MinimumVisualStudioVersion = 10.0.40219.1
Project("{FAE04EC0-301F-11D3-BF4B-00C04F79EFBC}") = "serverTP2", "serverTP2.csproj", "{18C834FF-4AC8-4DE2-AC97-C40106904788}"
EndProject
Global
	GlobalSection(SolutionConfigurationPlatforms) = preSolution
		Debug|Any CPU = Debug|Any CPU
		Release|Any CPU = Release|Any CPU
	EndGlobalSection
	GlobalSection(ProjectConfigurationPlatforms) = postSolution
		{18C834FF-4AC8-4DE2-AC97-C40106904788}.Debug|Any CPU.ActiveCfg = Debug|Any CPU
		{18C834FF-4AC8-4DE2-AC97-C40106904788}.Debug|Any CPU.Build.0 = Debug|Any CPU
		{18C834FF-4AC8-4DE2-AC97-C40106904788}.Release|Any CPU.ActiveCfg = Release|Any CPU
		{18C834FF-4AC8-4DE2-AC97-C40106904788}.Release|Any CPU.Build.0 = Release|Any CPU
	EndGlobalSection
	GlobalSection(SolutionProperties) = preSolution
		HideSolutionNode = FALSE
	EndGlobalSection
	GlobalSection(ExtensibilityGlobals) = postSolution
		SolutionGuid = {46AC833B-3159-41CF-9314-B98FF0E39321}
	EndGlobalSection
EndGlobal
